Microsoft Visual Studio Solution File, Format Version 12.00
# Visual Studio Version 17
VisualStudioVersion = 17.5.2.0
MinimumVisualStudioVersion = 10.0.40219.1
Project("{FAE04EC0-301F-11D3-BF4B-00C04F79EFBC}") = "SystemDiagnosticsApp", "SystemDiagnosticsApp\SystemDiagnosticsApp.csproj", "{FB87460E-1628-4205-6A35-298326D944A5}"
EndProject
Global
	GlobalSection(SolutionConfigurationPlatforms) = preSolution
		Debug|Any CPU = Debug|Any CPU
		Release|Any CPU = Release|Any CPU
	EndGlobalSection
	GlobalSection(ProjectConfigurationPlatforms) = postSolution
		{FB87460E-1628-4205-6A35-298326D944A5}.Debug|Any CPU.ActiveCfg = Debug|Any CPU
		{FB87460E-1628-4205-6A35-298326D944A5}.Debug|Any CPU.Build.0 = Debug|Any CPU
		{FB87460E-1628-4205-6A35-298326D944A5}.Release|Any CPU.ActiveCfg = Release|Any CPU
		{FB87460E-1628-4205-6A35-298326D944A5}.Release|Any CPU.Build.0 = Release|Any CPU
	EndGlobalSection
	GlobalSection(SolutionProperties) = preSolution
		HideSolutionNode = FALSE
	EndGlobalSection
	GlobalSection(ExtensibilityGlobals) = postSolution
		SolutionGuid = {03E5C71A-35FE-4387-9DC4-CD55C33C9117}
	EndGlobalSection
EndGlobal
